
Microsoft Visual Studio Solution File, Format Version 12.00
# Visual Studio Version 17
VisualStudioVersion = 17.9.34321.82
MinimumVisualStudioVersion = 10.0.40219.1
Project("{9A19103F-16F7-4668-BE54-9A1E7A4F7556}") = "day1", "day1\day1.csproj", "{A704A2DF-DC56-45D0-92AE-51553E925EE2}"
EndProject
Project("{9A19103F-16F7-4668-BE54-9A1E7A4F7556}") = "day2", "day2\day2.csproj", "{99C86320-2226-4914-8AA7-5C1238C71E01}"
EndProject
Project("{9A19103F-16F7-4668-BE54-9A1E7A4F7556}") = "day3", "day3\day3.csproj", "{2162BDE5-AAC5-4178-B796-88940FD7133A}"
EndProject
Project("{9A19103F-16F7-4668-BE54-9A1E7A4F7556}") = "day4", "day4\day4.csproj", "{C87E9D4F-4FE7-40BD-A4B2-E90F9A811F65}"
EndProject
Project("{FAE04EC0-301F-11D3-BF4B-00C04F79EFBC}") = "day5", "day5\day5.csproj", "{A28308DB-5573-4B3C-B349-BC7EF6EE5723}"
EndProject
Project("{FAE04EC0-301F-11D3-BF4B-00C04F79EFBC}") = "day6", "day6\day6.csproj", "{46D2B308-DCF3-48A8-A532-EFC05E9C6357}"
EndProject
Global
	GlobalSection(SolutionConfigurationPlatforms) = preSolution
		Debug|Any CPU = Debug|Any CPU
		Release|Any CPU = Release|Any CPU
	EndGlobalSection
	GlobalSection(ProjectConfigurationPlatforms) = postSolution
		{A704A2DF-DC56-45D0-92AE-51553E925EE2}.Debug|Any CPU.ActiveCfg = Debug|Any CPU
		{A704A2DF-DC56-45D0-92AE-51553E925EE2}.Debug|Any CPU.Build.0 = Debug|Any CPU
		{A704A2DF-DC56-45D0-92AE-51553E925EE2}.Release|Any CPU.ActiveCfg = Release|Any CPU
		{A704A2DF-DC56-45D0-92AE-51553E925EE2}.Release|Any CPU.Build.0 = Release|Any CPU
		{99C86320-2226-4914-8AA7-5C1238C71E01}.Debug|Any CPU.ActiveCfg = Debug|Any CPU
		{99C86320-2226-4914-8AA7-5C1238C71E01}.Debug|Any CPU.Build.0 = Debug|Any CPU
		{99C86320-2226-4914-8AA7-5C1238C71E01}.Release|Any CPU.ActiveCfg = Release|Any CPU
		{99C86320-2226-4914-8AA7-5C1238C71E01}.Release|Any CPU.Build.0 = Release|Any CPU
		{2162BDE5-AAC5-4178-B796-88940FD7133A}.Debug|Any CPU.ActiveCfg = Debug|Any CPU
		{2162BDE5-AAC5-4178-B796-88940FD7133A}.Debug|Any CPU.Build.0 = Debug|Any CPU
		{2162BDE5-AAC5-4178-B796-88940FD7133A}.Release|Any CPU.ActiveCfg = Release|Any CPU
		{2162BDE5-AAC5-4178-B796-88940FD7133A}.Release|Any CPU.Build.0 = Release|Any CPU
		{C87E9D4F-4FE7-40BD-A4B2-E90F9A811F65}.Debug|Any CPU.ActiveCfg = Debug|Any CPU
		{C87E9D4F-4FE7-40BD-A4B2-E90F9A811F65}.Debug|Any CPU.Build.0 = Debug|Any CPU
		{C87E9D4F-4FE7-40BD-A4B2-E90F9A811F65}.Release|Any CPU.ActiveCfg = Release|Any CPU
		{C87E9D4F-4FE7-40BD-A4B2-E90F9A811F65}.Release|Any CPU.Build.0 = Release|Any CPU
		{A28308DB-5573-4B3C-B349-BC7EF6EE5723}.Debug|Any CPU.ActiveCfg = Debug|Any CPU
		{A28308DB-5573-4B3C-B349-BC7EF6EE5723}.Debug|Any CPU.Build.0 = Debug|Any CPU
		{A28308DB-5573-4B3C-B349-BC7EF6EE5723}.Release|Any CPU.ActiveCfg = Release|Any CPU
		{A28308DB-5573-4B3C-B349-BC7EF6EE5723}.Release|Any CPU.Build.0 = Release|Any CPU
		{46D2B308-DCF3-48A8-A532-EFC05E9C6357}.Debug|Any CPU.ActiveCfg = Debug|Any CPU
		{46D2B308-DCF3-48A8-A532-EFC05E9C6357}.Debug|Any CPU.Build.0 = Debug|Any CPU
		{46D2B308-DCF3-48A8-A532-EFC05E9C6357}.Release|Any CPU.ActiveCfg = Release|Any CPU
		{46D2B308-DCF3-48A8-A532-EFC05E9C6357}.Release|Any CPU.Build.0 = Release|Any CPU
	EndGlobalSection
	GlobalSection(SolutionProperties) = preSolution
		HideSolutionNode = FALSE
	EndGlobalSection
	GlobalSection(ExtensibilityGlobals) = postSolution
		SolutionGuid = {9411B7B9-1991-4892-9473-40CD168CEE23}
	EndGlobalSection
EndGlobal
