
Microsoft Visual Studio Solution File, Format Version 12.00
# Visual Studio Version 17
VisualStudioVersion = 17.9.34321.82
MinimumVisualStudioVersion = 10.0.40219.1
Project("{9A19103F-16F7-4668-BE54-9A1E7A4F7556}") = "day1", "day1\day1.csproj", "{A704A2DF-DC56-45D0-92AE-51553E925EE2}"
EndProject
Project("{9A19103F-16F7-4668-BE54-9A1E7A4F7556}") = "day2", "day2\day2.csproj", "{99C86320-2226-4914-8AA7-5C1238C71E01}"
EndProject
Project("{9A19103F-16F7-4668-BE54-9A1E7A4F7556}") = "day3", "day3\day3.csproj", "{2162BDE5-AAC5-4178-B796-88940FD7133A}"
EndProject
Project("{9A19103F-16F7-4668-BE54-9A1E7A4F7556}") = "day4", "day4\day4.csproj", "{C87E9D4F-4FE7-40BD-A4B2-E90F9A811F65}"
EndProject
Project("{9A19103F-16F7-4668-BE54-9A1E7A4F7556}") = "day5", "day5\day5.csproj", "{A28308DB-5573-4B3C-B349-BC7EF6EE5723}"
EndProject
Project("{9A19103F-16F7-4668-BE54-9A1E7A4F7556}") = "day6", "day6\day6.csproj", "{46D2B308-DCF3-48A8-A532-EFC05E9C6357}"
EndProject
Project("{9A19103F-16F7-4668-BE54-9A1E7A4F7556}") = "day7", "day7\day7.csproj", "{48B0EFA8-3A12-4F52-B1E3-DAE203B246DA}"
EndProject
Project("{9A19103F-16F7-4668-BE54-9A1E7A4F7556}") = "day8", "day8\day8.csproj", "{536F2DDB-B826-4214-B610-8489D90D063F}"
EndProject
Project("{9A19103F-16F7-4668-BE54-9A1E7A4F7556}") = "day9", "day9\day9.csproj", "{2723F675-DD40-4A61-BDCC-D9F1D10003EA}"
EndProject
Project("{9A19103F-16F7-4668-BE54-9A1E7A4F7556}") = "day10", "day10\day10.csproj", "{49FB2AED-E7FC-4CE4-92DB-F89CB6307B78}"
EndProject
Project("{9A19103F-16F7-4668-BE54-9A1E7A4F7556}") = "day11", "day11\day11.csproj", "{14EE0D40-21BD-4DE8-8E83-E5590ED2306D}"
EndProject
Project("{9A19103F-16F7-4668-BE54-9A1E7A4F7556}") = "day12", "day12\day12.csproj", "{87054484-6165-4CF1-B92D-4E6476CA335D}"
EndProject
Project("{FAE04EC0-301F-11D3-BF4B-00C04F79EFBC}") = "day13", "day13\day13.csproj", "{851AC5C6-D8DF-456F-B3F7-9792F7853EA5}"
EndProject
Global
	GlobalSection(SolutionConfigurationPlatforms) = preSolution
		Debug|Any CPU = Debug|Any CPU
		Release|Any CPU = Release|Any CPU
	EndGlobalSection
	GlobalSection(ProjectConfigurationPlatforms) = postSolution
		{A704A2DF-DC56-45D0-92AE-51553E925EE2}.Debug|Any CPU.ActiveCfg = Debug|Any CPU
		{A704A2DF-DC56-45D0-92AE-51553E925EE2}.Debug|Any CPU.Build.0 = Debug|Any CPU
		{A704A2DF-DC56-45D0-92AE-51553E925EE2}.Release|Any CPU.ActiveCfg = Release|Any CPU
		{A704A2DF-DC56-45D0-92AE-51553E925EE2}.Release|Any CPU.Build.0 = Release|Any CPU
		{99C86320-2226-4914-8AA7-5C1238C71E01}.Debug|Any CPU.ActiveCfg = Debug|Any CPU
		{99C86320-2226-4914-8AA7-5C1238C71E01}.Debug|Any CPU.Build.0 = Debug|Any CPU
		{99C86320-2226-4914-8AA7-5C1238C71E01}.Release|Any CPU.ActiveCfg = Release|Any CPU
		{99C86320-2226-4914-8AA7-5C1238C71E01}.Release|Any CPU.Build.0 = Release|Any CPU
		{2162BDE5-AAC5-4178-B796-88940FD7133A}.Debug|Any CPU.ActiveCfg = Debug|Any CPU
		{2162BDE5-AAC5-4178-B796-88940FD7133A}.Debug|Any CPU.Build.0 = Debug|Any CPU
		{2162BDE5-AAC5-4178-B796-88940FD7133A}.Release|Any CPU.ActiveCfg = Release|Any CPU
		{2162BDE5-AAC5-4178-B796-88940FD7133A}.Release|Any CPU.Build.0 = Release|Any CPU
		{C87E9D4F-4FE7-40BD-A4B2-E90F9A811F65}.Debug|Any CPU.ActiveCfg = Debug|Any CPU
		{C87E9D4F-4FE7-40BD-A4B2-E90F9A811F65}.Debug|Any CPU.Build.0 = Debug|Any CPU
		{C87E9D4F-4FE7-40BD-A4B2-E90F9A811F65}.Release|Any CPU.ActiveCfg = Release|Any CPU
		{C87E9D4F-4FE7-40BD-A4B2-E90F9A811F65}.Release|Any CPU.Build.0 = Release|Any CPU
		{A28308DB-5573-4B3C-B349-BC7EF6EE5723}.Debug|Any CPU.ActiveCfg = Debug|Any CPU
		{A28308DB-5573-4B3C-B349-BC7EF6EE5723}.Debug|Any CPU.Build.0 = Debug|Any CPU
		{A28308DB-5573-4B3C-B349-BC7EF6EE5723}.Release|Any CPU.ActiveCfg = Release|Any CPU
		{A28308DB-5573-4B3C-B349-BC7EF6EE5723}.Release|Any CPU.Build.0 = Release|Any CPU
		{46D2B308-DCF3-48A8-A532-EFC05E9C6357}.Debug|Any CPU.ActiveCfg = Debug|Any CPU
		{46D2B308-DCF3-48A8-A532-EFC05E9C6357}.Debug|Any CPU.Build.0 = Debug|Any CPU
		{46D2B308-DCF3-48A8-A532-EFC05E9C6357}.Release|Any CPU.ActiveCfg = Release|Any CPU
		{46D2B308-DCF3-48A8-A532-EFC05E9C6357}.Release|Any CPU.Build.0 = Release|Any CPU
		{48B0EFA8-3A12-4F52-B1E3-DAE203B246DA}.Debug|Any CPU.ActiveCfg = Debug|Any CPU
		{48B0EFA8-3A12-4F52-B1E3-DAE203B246DA}.Debug|Any CPU.Build.0 = Debug|Any CPU
		{48B0EFA8-3A12-4F52-B1E3-DAE203B246DA}.Release|Any CPU.ActiveCfg = Release|Any CPU
		{48B0EFA8-3A12-4F52-B1E3-DAE203B246DA}.Release|Any CPU.Build.0 = Release|Any CPU
		{536F2DDB-B826-4214-B610-8489D90D063F}.Debug|Any CPU.ActiveCfg = Debug|Any CPU
		{536F2DDB-B826-4214-B610-8489D90D063F}.Debug|Any CPU.Build.0 = Debug|Any CPU
		{536F2DDB-B826-4214-B610-8489D90D063F}.Release|Any CPU.ActiveCfg = Release|Any CPU
		{536F2DDB-B826-4214-B610-8489D90D063F}.Release|Any CPU.Build.0 = Release|Any CPU
		{2723F675-DD40-4A61-BDCC-D9F1D10003EA}.Debug|Any CPU.ActiveCfg = Debug|Any CPU
		{2723F675-DD40-4A61-BDCC-D9F1D10003EA}.Debug|Any CPU.Build.0 = Debug|Any CPU
		{2723F675-DD40-4A61-BDCC-D9F1D10003EA}.Release|Any CPU.ActiveCfg = Release|Any CPU
		{2723F675-DD40-4A61-BDCC-D9F1D10003EA}.Release|Any CPU.Build.0 = Release|Any CPU
		{49FB2AED-E7FC-4CE4-92DB-F89CB6307B78}.Debug|Any CPU.ActiveCfg = Debug|Any CPU
		{49FB2AED-E7FC-4CE4-92DB-F89CB6307B78}.Debug|Any CPU.Build.0 = Debug|Any CPU
		{49FB2AED-E7FC-4CE4-92DB-F89CB6307B78}.Release|Any CPU.ActiveCfg = Release|Any CPU
		{49FB2AED-E7FC-4CE4-92DB-F89CB6307B78}.Release|Any CPU.Build.0 = Release|Any CPU
		{14EE0D40-21BD-4DE8-8E83-E5590ED2306D}.Debug|Any CPU.ActiveCfg = Debug|Any CPU
		{14EE0D40-21BD-4DE8-8E83-E5590ED2306D}.Debug|Any CPU.Build.0 = Debug|Any CPU
		{14EE0D40-21BD-4DE8-8E83-E5590ED2306D}.Release|Any CPU.ActiveCfg = Release|Any CPU
		{14EE0D40-21BD-4DE8-8E83-E5590ED2306D}.Release|Any CPU.Build.0 = Release|Any CPU
		{87054484-6165-4CF1-B92D-4E6476CA335D}.Debug|Any CPU.ActiveCfg = Debug|Any CPU
		{87054484-6165-4CF1-B92D-4E6476CA335D}.Debug|Any CPU.Build.0 = Debug|Any CPU
		{87054484-6165-4CF1-B92D-4E6476CA335D}.Release|Any CPU.ActiveCfg = Release|Any CPU
		{87054484-6165-4CF1-B92D-4E6476CA335D}.Release|Any CPU.Build.0 = Release|Any CPU
		{851AC5C6-D8DF-456F-B3F7-9792F7853EA5}.Debug|Any CPU.ActiveCfg = Debug|Any CPU
		{851AC5C6-D8DF-456F-B3F7-9792F7853EA5}.Debug|Any CPU.Build.0 = Debug|Any CPU
		{851AC5C6-D8DF-456F-B3F7-9792F7853EA5}.Release|Any CPU.ActiveCfg = Release|Any CPU
		{851AC5C6-D8DF-456F-B3F7-9792F7853EA5}.Release|Any CPU.Build.0 = Release|Any CPU
	EndGlobalSection
	GlobalSection(SolutionProperties) = preSolution
		HideSolutionNode = FALSE
	EndGlobalSection
	GlobalSection(ExtensibilityGlobals) = postSolution
		SolutionGuid = {9411B7B9-1991-4892-9473-40CD168CEE23}
	EndGlobalSection
EndGlobal
